
Microsoft Visual Studio Solution File, Format Version 12.00
# Visual Studio Version 17
VisualStudioVersion = 17.5.33627.172
MinimumVisualStudioVersion = 10.0.40219.1
Project("{FAE04EC0-301F-11D3-BF4B-00C04F79EFBC}") = "ToDo_SolutionWebApi", "ToDo_SolutionWebApi.csproj", "{07A1132A-7B17-4498-A923-F65088FF6B2D}"
EndProject
Global
	GlobalSection(SolutionConfigurationPlatforms) = preSolution
		Debug|Any CPU = Debug|Any CPU
		Release|Any CPU = Release|Any CPU
	EndGlobalSection
	GlobalSection(ProjectConfigurationPlatforms) = postSolution
		{07A1132A-7B17-4498-A923-F65088FF6B2D}.Debug|Any CPU.ActiveCfg = Debug|Any CPU
		{07A1132A-7B17-4498-A923-F65088FF6B2D}.Debug|Any CPU.Build.0 = Debug|Any CPU
		{07A1132A-7B17-4498-A923-F65088FF6B2D}.Release|Any CPU.ActiveCfg = Release|Any CPU
		{07A1132A-7B17-4498-A923-F65088FF6B2D}.Release|Any CPU.Build.0 = Release|Any CPU
	EndGlobalSection
	GlobalSection(SolutionProperties) = preSolution
		HideSolutionNode = FALSE
	EndGlobalSection
	GlobalSection(ExtensibilityGlobals) = postSolution
		SolutionGuid = {B06B18A6-0090-48FC-ADEA-EB9340EFFD27}
	EndGlobalSection
EndGlobal
